
Microsoft Visual Studio Solution File, Format Version 12.00
# Visual Studio Version 16
VisualStudioVersion = 16.0.30804.86
MinimumVisualStudioVersion = 10.0.40219.1
Project("{9A19103F-16F7-4668-BE54-9A1E7A4F7556}") = "TLA.Identity.Api", "TLA.Identity.Api\TLA.Identity.Api.csproj", "{33FE29AC-4E6F-4EA4-A9AE-E706326CA10A}"
EndProject
Project("{9A19103F-16F7-4668-BE54-9A1E7A4F7556}") = "TLA.WebApi.Core", "TLA.WebApi.Core\TLA.WebApi.Core.csproj", "{A4C037C8-A0C8-4690-BC9A-3937716606BA}"
EndProject
Project("{9A19103F-16F7-4668-BE54-9A1E7A4F7556}") = "TLA.Tasks.Api", "TLA.Tasks.Api\TLA.Tasks.Api.csproj", "{472752F8-68C8-41AF-8DB7-B2B51E7819D7}"
EndProject
Project("{FAE04EC0-301F-11D3-BF4B-00C04F79EFBC}") = "TLA.Tasks.Tests", "TLA.Tasks.Tests\TLA.Tasks.Tests.csproj", "{C5E0901D-3E0B-4067-BA44-D5EAD7D64487}"
EndProject
Global
	GlobalSection(SolutionConfigurationPlatforms) = preSolution
		Debug|Any CPU = Debug|Any CPU
		Release|Any CPU = Release|Any CPU
	EndGlobalSection
	GlobalSection(ProjectConfigurationPlatforms) = postSolution
		{33FE29AC-4E6F-4EA4-A9AE-E706326CA10A}.Debug|Any CPU.ActiveCfg = Debug|Any CPU
		{33FE29AC-4E6F-4EA4-A9AE-E706326CA10A}.Debug|Any CPU.Build.0 = Debug|Any CPU
		{33FE29AC-4E6F-4EA4-A9AE-E706326CA10A}.Release|Any CPU.ActiveCfg = Release|Any CPU
		{33FE29AC-4E6F-4EA4-A9AE-E706326CA10A}.Release|Any CPU.Build.0 = Release|Any CPU
		{A4C037C8-A0C8-4690-BC9A-3937716606BA}.Debug|Any CPU.ActiveCfg = Debug|Any CPU
		{A4C037C8-A0C8-4690-BC9A-3937716606BA}.Debug|Any CPU.Build.0 = Debug|Any CPU
		{A4C037C8-A0C8-4690-BC9A-3937716606BA}.Release|Any CPU.ActiveCfg = Release|Any CPU
		{A4C037C8-A0C8-4690-BC9A-3937716606BA}.Release|Any CPU.Build.0 = Release|Any CPU
		{472752F8-68C8-41AF-8DB7-B2B51E7819D7}.Debug|Any CPU.ActiveCfg = Debug|Any CPU
		{472752F8-68C8-41AF-8DB7-B2B51E7819D7}.Debug|Any CPU.Build.0 = Debug|Any CPU
		{472752F8-68C8-41AF-8DB7-B2B51E7819D7}.Release|Any CPU.ActiveCfg = Release|Any CPU
		{472752F8-68C8-41AF-8DB7-B2B51E7819D7}.Release|Any CPU.Build.0 = Release|Any CPU
		{C5E0901D-3E0B-4067-BA44-D5EAD7D64487}.Debug|Any CPU.ActiveCfg = Debug|Any CPU
		{C5E0901D-3E0B-4067-BA44-D5EAD7D64487}.Debug|Any CPU.Build.0 = Debug|Any CPU
		{C5E0901D-3E0B-4067-BA44-D5EAD7D64487}.Release|Any CPU.ActiveCfg = Release|Any CPU
		{C5E0901D-3E0B-4067-BA44-D5EAD7D64487}.Release|Any CPU.Build.0 = Release|Any CPU
	EndGlobalSection
	GlobalSection(SolutionProperties) = preSolution
		HideSolutionNode = FALSE
	EndGlobalSection
	GlobalSection(ExtensibilityGlobals) = postSolution
		SolutionGuid = {F355DC61-FF99-47B3-8983-351236FD1A43}
	EndGlobalSection
EndGlobal
